
Microsoft Visual Studio Solution File, Format Version 12.00
# Visual Studio 2013
VisualStudioVersion = 12.0.31101.0
MinimumVisualStudioVersion = 10.0.40219.1
Project("{8BC9CEB8-8B4A-11D0-8D11-00A0C91BC942}") = "01_input_output", "01_input_output\01_input_output.vcxproj", "{F298E320-EE39-4B57-9C5E-C9BE381F8E79}"
EndProject
Project("{8BC9CEB8-8B4A-11D0-8D11-00A0C91BC942}") = "02_string", "02_string\02_string.vcxproj", "{11308785-CE64-4AE8-94C9-AD878D62B852}"
EndProject
Project("{8BC9CEB8-8B4A-11D0-8D11-00A0C91BC942}") = "03_vector", "03_vector\03_vector.vcxproj", "{6B6C51EB-5F8A-4985-8772-12EAC4DA1D0F}"
EndProject
Project("{8BC9CEB8-8B4A-11D0-8D11-00A0C91BC942}") = "04_map", "04_map\04_map.vcxproj", "{1BFD4A0C-3998-42A3-97DD-AC3EBEC7C894}"
EndProject
Project("{8BC9CEB8-8B4A-11D0-8D11-00A0C91BC942}") = "05_set", "05_set\05_set.vcxproj", "{8EC3FC3F-98A1-4557-8A6C-CC666E4D3C36}"
EndProject
Global
	GlobalSection(SolutionConfigurationPlatforms) = preSolution
		Debug|Win32 = Debug|Win32
		Release|Win32 = Release|Win32
	EndGlobalSection
	GlobalSection(ProjectConfigurationPlatforms) = postSolution
		{F298E320-EE39-4B57-9C5E-C9BE381F8E79}.Debug|Win32.ActiveCfg = Debug|Win32
		{F298E320-EE39-4B57-9C5E-C9BE381F8E79}.Debug|Win32.Build.0 = Debug|Win32
		{F298E320-EE39-4B57-9C5E-C9BE381F8E79}.Release|Win32.ActiveCfg = Release|Win32
		{F298E320-EE39-4B57-9C5E-C9BE381F8E79}.Release|Win32.Build.0 = Release|Win32
		{11308785-CE64-4AE8-94C9-AD878D62B852}.Debug|Win32.ActiveCfg = Debug|Win32
		{11308785-CE64-4AE8-94C9-AD878D62B852}.Debug|Win32.Build.0 = Debug|Win32
		{11308785-CE64-4AE8-94C9-AD878D62B852}.Release|Win32.ActiveCfg = Release|Win32
		{11308785-CE64-4AE8-94C9-AD878D62B852}.Release|Win32.Build.0 = Release|Win32
		{6B6C51EB-5F8A-4985-8772-12EAC4DA1D0F}.Debug|Win32.ActiveCfg = Debug|Win32
		{6B6C51EB-5F8A-4985-8772-12EAC4DA1D0F}.Debug|Win32.Build.0 = Debug|Win32
		{6B6C51EB-5F8A-4985-8772-12EAC4DA1D0F}.Release|Win32.ActiveCfg = Release|Win32
		{6B6C51EB-5F8A-4985-8772-12EAC4DA1D0F}.Release|Win32.Build.0 = Release|Win32
		{1BFD4A0C-3998-42A3-97DD-AC3EBEC7C894}.Debug|Win32.ActiveCfg = Debug|Win32
		{1BFD4A0C-3998-42A3-97DD-AC3EBEC7C894}.Debug|Win32.Build.0 = Debug|Win32
		{1BFD4A0C-3998-42A3-97DD-AC3EBEC7C894}.Release|Win32.ActiveCfg = Release|Win32
		{1BFD4A0C-3998-42A3-97DD-AC3EBEC7C894}.Release|Win32.Build.0 = Release|Win32
		{8EC3FC3F-98A1-4557-8A6C-CC666E4D3C36}.Debug|Win32.ActiveCfg = Debug|Win32
		{8EC3FC3F-98A1-4557-8A6C-CC666E4D3C36}.Debug|Win32.Build.0 = Debug|Win32
		{8EC3FC3F-98A1-4557-8A6C-CC666E4D3C36}.Release|Win32.ActiveCfg = Release|Win32
		{8EC3FC3F-98A1-4557-8A6C-CC666E4D3C36}.Release|Win32.Build.0 = Release|Win32
	EndGlobalSection
	GlobalSection(SolutionProperties) = preSolution
		HideSolutionNode = FALSE
	EndGlobalSection
EndGlobal
